
Microsoft Visual Studio Solution File, Format Version 12.00
# Visual Studio 15
VisualStudioVersion = 15.0.26124.0
MinimumVisualStudioVersion = 15.0.26124.0
Project("{FAE04EC0-301F-11D3-BF4B-00C04F79EFBC}") = "Tests", "Tests\Tests.csproj", "{D9964D7E-90BC-4CBE-9652-6016AEC7B484}"
EndProject
Project("{FAE04EC0-301F-11D3-BF4B-00C04F79EFBC}") = "Hola-Mundo", "Program\Hola-Mundo.csproj", "{A08E10FB-029C-4090-AA34-B31FC21FB997}"
EndProject
Project("{2150E333-8FDC-42A3-9474-1A3956D46DE8}") = "src", "src", "{168FAFF3-7112-49CD-B55B-62A7901B4A57}"
EndProject
Project("{FAE04EC0-301F-11D3-BF4B-00C04F79EFBC}") = "Library", "src\Library\Library.csproj", "{719BDCD2-D105-4999-A583-3D22F159FEBE}"
EndProject
Project("{FAE04EC0-301F-11D3-BF4B-00C04F79EFBC}") = "Hola-Mundo", "src\Program\Hola-Mundo.csproj", "{2D565B31-5198-45C4-B8E4-7FD1BCF96A73}"
EndProject
Global
	GlobalSection(SolutionConfigurationPlatforms) = preSolution
		Debug|Any CPU = Debug|Any CPU
		Debug|x64 = Debug|x64
		Debug|x86 = Debug|x86
		Release|Any CPU = Release|Any CPU
		Release|x64 = Release|x64
		Release|x86 = Release|x86
	EndGlobalSection
	GlobalSection(SolutionProperties) = preSolution
		HideSolutionNode = FALSE
	EndGlobalSection
	GlobalSection(ProjectConfigurationPlatforms) = postSolution
		{D9964D7E-90BC-4CBE-9652-6016AEC7B484}.Debug|Any CPU.ActiveCfg = Debug|Any CPU
		{D9964D7E-90BC-4CBE-9652-6016AEC7B484}.Debug|Any CPU.Build.0 = Debug|Any CPU
		{D9964D7E-90BC-4CBE-9652-6016AEC7B484}.Debug|x64.ActiveCfg = Debug|Any CPU
		{D9964D7E-90BC-4CBE-9652-6016AEC7B484}.Debug|x64.Build.0 = Debug|Any CPU
		{D9964D7E-90BC-4CBE-9652-6016AEC7B484}.Debug|x86.ActiveCfg = Debug|Any CPU
		{D9964D7E-90BC-4CBE-9652-6016AEC7B484}.Debug|x86.Build.0 = Debug|Any CPU
		{D9964D7E-90BC-4CBE-9652-6016AEC7B484}.Release|Any CPU.ActiveCfg = Release|Any CPU
		{D9964D7E-90BC-4CBE-9652-6016AEC7B484}.Release|Any CPU.Build.0 = Release|Any CPU
		{D9964D7E-90BC-4CBE-9652-6016AEC7B484}.Release|x64.ActiveCfg = Release|Any CPU
		{D9964D7E-90BC-4CBE-9652-6016AEC7B484}.Release|x64.Build.0 = Release|Any CPU
		{D9964D7E-90BC-4CBE-9652-6016AEC7B484}.Release|x86.ActiveCfg = Release|Any CPU
		{D9964D7E-90BC-4CBE-9652-6016AEC7B484}.Release|x86.Build.0 = Release|Any CPU
		{A08E10FB-029C-4090-AA34-B31FC21FB997}.Debug|Any CPU.ActiveCfg = Debug|Any CPU
		{A08E10FB-029C-4090-AA34-B31FC21FB997}.Debug|Any CPU.Build.0 = Debug|Any CPU
		{A08E10FB-029C-4090-AA34-B31FC21FB997}.Debug|x64.ActiveCfg = Debug|Any CPU
		{A08E10FB-029C-4090-AA34-B31FC21FB997}.Debug|x64.Build.0 = Debug|Any CPU
		{A08E10FB-029C-4090-AA34-B31FC21FB997}.Debug|x86.ActiveCfg = Debug|Any CPU
		{A08E10FB-029C-4090-AA34-B31FC21FB997}.Debug|x86.Build.0 = Debug|Any CPU
		{A08E10FB-029C-4090-AA34-B31FC21FB997}.Release|Any CPU.ActiveCfg = Release|Any CPU
		{A08E10FB-029C-4090-AA34-B31FC21FB997}.Release|Any CPU.Build.0 = Release|Any CPU
		{A08E10FB-029C-4090-AA34-B31FC21FB997}.Release|x64.ActiveCfg = Release|Any CPU
		{A08E10FB-029C-4090-AA34-B31FC21FB997}.Release|x64.Build.0 = Release|Any CPU
		{A08E10FB-029C-4090-AA34-B31FC21FB997}.Release|x86.ActiveCfg = Release|Any CPU
		{A08E10FB-029C-4090-AA34-B31FC21FB997}.Release|x86.Build.0 = Release|Any CPU
		{719BDCD2-D105-4999-A583-3D22F159FEBE}.Debug|Any CPU.ActiveCfg = Debug|Any CPU
		{719BDCD2-D105-4999-A583-3D22F159FEBE}.Debug|Any CPU.Build.0 = Debug|Any CPU
		{719BDCD2-D105-4999-A583-3D22F159FEBE}.Debug|x64.ActiveCfg = Debug|Any CPU
		{719BDCD2-D105-4999-A583-3D22F159FEBE}.Debug|x64.Build.0 = Debug|Any CPU
		{719BDCD2-D105-4999-A583-3D22F159FEBE}.Debug|x86.ActiveCfg = Debug|Any CPU
		{719BDCD2-D105-4999-A583-3D22F159FEBE}.Debug|x86.Build.0 = Debug|Any CPU
		{719BDCD2-D105-4999-A583-3D22F159FEBE}.Release|Any CPU.ActiveCfg = Release|Any CPU
		{719BDCD2-D105-4999-A583-3D22F159FEBE}.Release|Any CPU.Build.0 = Release|Any CPU
		{719BDCD2-D105-4999-A583-3D22F159FEBE}.Release|x64.ActiveCfg = Release|Any CPU
		{719BDCD2-D105-4999-A583-3D22F159FEBE}.Release|x64.Build.0 = Release|Any CPU
		{719BDCD2-D105-4999-A583-3D22F159FEBE}.Release|x86.ActiveCfg = Release|Any CPU
		{719BDCD2-D105-4999-A583-3D22F159FEBE}.Release|x86.Build.0 = Release|Any CPU
		{2D565B31-5198-45C4-B8E4-7FD1BCF96A73}.Debug|Any CPU.ActiveCfg = Debug|Any CPU
		{2D565B31-5198-45C4-B8E4-7FD1BCF96A73}.Debug|Any CPU.Build.0 = Debug|Any CPU
		{2D565B31-5198-45C4-B8E4-7FD1BCF96A73}.Debug|x64.ActiveCfg = Debug|Any CPU
		{2D565B31-5198-45C4-B8E4-7FD1BCF96A73}.Debug|x64.Build.0 = Debug|Any CPU
		{2D565B31-5198-45C4-B8E4-7FD1BCF96A73}.Debug|x86.ActiveCfg = Debug|Any CPU
		{2D565B31-5198-45C4-B8E4-7FD1BCF96A73}.Debug|x86.Build.0 = Debug|Any CPU
		{2D565B31-5198-45C4-B8E4-7FD1BCF96A73}.Release|Any CPU.ActiveCfg = Release|Any CPU
		{2D565B31-5198-45C4-B8E4-7FD1BCF96A73}.Release|Any CPU.Build.0 = Release|Any CPU
		{2D565B31-5198-45C4-B8E4-7FD1BCF96A73}.Release|x64.ActiveCfg = Release|Any CPU
		{2D565B31-5198-45C4-B8E4-7FD1BCF96A73}.Release|x64.Build.0 = Release|Any CPU
		{2D565B31-5198-45C4-B8E4-7FD1BCF96A73}.Release|x86.ActiveCfg = Release|Any CPU
		{2D565B31-5198-45C4-B8E4-7FD1BCF96A73}.Release|x86.Build.0 = Release|Any CPU
	EndGlobalSection
	GlobalSection(NestedProjects) = preSolution
		{719BDCD2-D105-4999-A583-3D22F159FEBE} = {168FAFF3-7112-49CD-B55B-62A7901B4A57}
		{2D565B31-5198-45C4-B8E4-7FD1BCF96A73} = {168FAFF3-7112-49CD-B55B-62A7901B4A57}
	EndGlobalSection
EndGlobal
